
Microsoft Visual Studio Solution File, Format Version 12.00
# Visual Studio 15
VisualStudioVersion = 15.0.28307.1267
MinimumVisualStudioVersion = 10.0.40219.1
Project("{FAE04EC0-301F-11D3-BF4B-00C04F79EFBC}") = "ServerCodeMtk-P2-20180140066", "ServerCodeMtk-P2-20180140066\ServerCodeMtk-P2-20180140066.csproj", "{BDD87A3C-9DC7-45EA-8F8F-F4A353577F83}"
EndProject
Global
	GlobalSection(SolutionConfigurationPlatforms) = preSolution
		Debug|Any CPU = Debug|Any CPU
		Release|Any CPU = Release|Any CPU
	EndGlobalSection
	GlobalSection(ProjectConfigurationPlatforms) = postSolution
		{BDD87A3C-9DC7-45EA-8F8F-F4A353577F83}.Debug|Any CPU.ActiveCfg = Debug|Any CPU
		{BDD87A3C-9DC7-45EA-8F8F-F4A353577F83}.Debug|Any CPU.Build.0 = Debug|Any CPU
		{BDD87A3C-9DC7-45EA-8F8F-F4A353577F83}.Release|Any CPU.ActiveCfg = Release|Any CPU
		{BDD87A3C-9DC7-45EA-8F8F-F4A353577F83}.Release|Any CPU.Build.0 = Release|Any CPU
	EndGlobalSection
	GlobalSection(SolutionProperties) = preSolution
		HideSolutionNode = FALSE
	EndGlobalSection
	GlobalSection(ExtensibilityGlobals) = postSolution
		SolutionGuid = {5F47D713-8197-4BEE-A808-B9CF4827507C}
	EndGlobalSection
EndGlobal
